
Microsoft Visual Studio Solution File, Format Version 12.00
# Visual Studio Version 17
VisualStudioVersion = 17.11.35312.102
MinimumVisualStudioVersion = 10.0.40219.1
Project("{D2ABAB84-BF74-430A-B69E-9DC6D40DDA17}") = "SSAS Lab2", "SSAS Lab2\SSAS Lab2.dwproj", "{EDC42FC9-FA5C-46A6-9D9F-B97C5B970BF9}"
EndProject
Global
	GlobalSection(SolutionConfigurationPlatforms) = preSolution
		Development|Default = Development|Default
	EndGlobalSection
	GlobalSection(ProjectConfigurationPlatforms) = postSolution
		{EDC42FC9-FA5C-46A6-9D9F-B97C5B970BF9}.Development|Default.ActiveCfg = Development
		{EDC42FC9-FA5C-46A6-9D9F-B97C5B970BF9}.Development|Default.Build.0 = Development
		{EDC42FC9-FA5C-46A6-9D9F-B97C5B970BF9}.Development|Default.Deploy.0 = Development
	EndGlobalSection
	GlobalSection(SolutionProperties) = preSolution
		HideSolutionNode = FALSE
	EndGlobalSection
	GlobalSection(ExtensibilityGlobals) = postSolution
		SolutionGuid = {02DD490F-D713-4E88-B0BE-4A05DC489CB3}
	EndGlobalSection
EndGlobal
